# This file is automatically @generated by Cargo.
# It is not intended for manual editing.
version = 3

[[package]]
name = "day-4-hello-world"
version = "0.0.0"

[[package]]
name = "day-4-strings-wtf-1"
version = "0.0.0"

[[package]]
name = "day-4-strings-wtf-2"
version = "0.0.0"

[[package]]
name = "day-5-borrowing"
version = "0.0.0"

[[package]]
name = "day-5-let-vs-const"
version = "0.0.0"

[[package]]
name = "day-6-loads-of-strs"
version = "0.0.0"

[[package]]
name = "day-7-syntax"
version = "0.0.0"

[[package]]
name = "day-8-maps"
version = "0.0.0"

[[package]]
name = "day-8-structs"
version = "0.0.0"

[[package]]
name = "day-9-structs"
version = "0.0.0"
