# This file is automatically @generated by Cargo.
# It is not intended for manual editing.
version = 3

[[package]]
name = "aho-corasick"
version = "0.7.18"
source = "registry+https://github.com/rust-lang/crates.io-index"
checksum = "1e37cfd5e7657ada45f742d6e99ca5788580b5c529dc78faf11ece6dc702656f"
dependencies = [
 "memchr",
]

[[package]]
name = "day-10-before"
version = "0.0.0"
dependencies = [
 "enum_dispatch",
]

[[package]]
name = "day-10-traits"
version = "0.0.0"

[[package]]
name = "day-11-modules"
version = "0.0.0"

[[package]]
name = "day-11-traffic-light"
version = "0.0.0"

[[package]]
name = "day-12-impl-asref-str"
version = "0.0.0"

[[package]]
name = "day-12-impl-tostring"
version = "0.0.0"

[[package]]
name = "day-13-option"
version = "0.0.0"

[[package]]
name = "day-13-question-mark"
version = "0.0.0"
dependencies = [
 "markdown",
]

[[package]]
name = "day-13-result"
version = "0.0.0"

[[package]]
name = "day-14-markdown"
version = "0.0.0"
dependencies = [
 "markdown",
]

[[package]]
name = "day-4-hello-world"
version = "0.0.0"

[[package]]
name = "day-4-strings-wtf-1"
version = "0.0.0"

[[package]]
name = "day-4-strings-wtf-2"
version = "0.0.0"

[[package]]
name = "day-5-borrowing"
version = "0.0.0"

[[package]]
name = "day-5-let-vs-const"
version = "0.0.0"

[[package]]
name = "day-6-loads-of-strs"
version = "0.0.0"

[[package]]
name = "day-7-syntax"
version = "0.0.0"

[[package]]
name = "day-8-maps"
version = "0.0.0"

[[package]]
name = "day-8-structs"
version = "0.0.0"

[[package]]
name = "day-9-structs"
version = "0.0.0"

[[package]]
name = "enum_dispatch"
version = "0.3.7"
source = "registry+https://github.com/rust-lang/crates.io-index"
checksum = "bd53b3fde38a39a06b2e66dc282f3e86191e53bd04cc499929c15742beae3df8"
dependencies = [
 "once_cell",
 "proc-macro2",
 "quote",
 "syn",
]

[[package]]
name = "lazy_static"
version = "1.4.0"
source = "registry+https://github.com/rust-lang/crates.io-index"
checksum = "e2abad23fbc42b3700f2f279844dc832adb2b2eb069b2df918f455c4e18cc646"

[[package]]
name = "markdown"
version = "0.3.0"
source = "registry+https://github.com/rust-lang/crates.io-index"
checksum = "ef3aab6a1d529b112695f72beec5ee80e729cb45af58663ec902c8fac764ecdd"
dependencies = [
 "lazy_static",
 "pipeline",
 "regex",
]

[[package]]
name = "memchr"
version = "2.4.1"
source = "registry+https://github.com/rust-lang/crates.io-index"
checksum = "308cc39be01b73d0d18f82a0e7b2a3df85245f84af96fdddc5d202d27e47b86a"

[[package]]
name = "once_cell"
version = "1.8.0"
source = "registry+https://github.com/rust-lang/crates.io-index"
checksum = "692fcb63b64b1758029e0a96ee63e049ce8c5948587f2f7208df04625e5f6b56"

[[package]]
name = "pipeline"
version = "0.5.0"
source = "registry+https://github.com/rust-lang/crates.io-index"
checksum = "d15b6607fa632996eb8a17c9041cb6071cb75ac057abd45dece578723ea8c7c0"

[[package]]
name = "proc-macro2"
version = "1.0.33"
source = "registry+https://github.com/rust-lang/crates.io-index"
checksum = "fb37d2df5df740e582f28f8560cf425f52bb267d872fe58358eadb554909f07a"
dependencies = [
 "unicode-xid",
]

[[package]]
name = "quote"
version = "1.0.10"
source = "registry+https://github.com/rust-lang/crates.io-index"
checksum = "38bc8cc6a5f2e3655e0899c1b848643b2562f853f114bfec7be120678e3ace05"
dependencies = [
 "proc-macro2",
]

[[package]]
name = "regex"
version = "1.5.4"
source = "registry+https://github.com/rust-lang/crates.io-index"
checksum = "d07a8629359eb56f1e2fb1652bb04212c072a87ba68546a04065d525673ac461"
dependencies = [
 "aho-corasick",
 "memchr",
 "regex-syntax",
]

[[package]]
name = "regex-syntax"
version = "0.6.25"
source = "registry+https://github.com/rust-lang/crates.io-index"
checksum = "f497285884f3fcff424ffc933e56d7cbca511def0c9831a7f9b5f6153e3cc89b"

[[package]]
name = "syn"
version = "1.0.82"
source = "registry+https://github.com/rust-lang/crates.io-index"
checksum = "8daf5dd0bb60cbd4137b1b587d2fc0ae729bc07cf01cd70b36a1ed5ade3b9d59"
dependencies = [
 "proc-macro2",
 "quote",
 "unicode-xid",
]

[[package]]
name = "unicode-xid"
version = "0.2.2"
source = "registry+https://github.com/rust-lang/crates.io-index"
checksum = "8ccb82d61f80a663efe1f787a51b16b5a51e3314d6ac365b08639f52387b33f3"
